// !$*UTF8*$!
{
	archiveVersion = 1;
	classes = {
	};
	objectVersion = 55;
	objects = {

/* Begin PBXBuildFile section */
		82394A7928294E2800F44E87 /* AppDelegate.swift in Sources */ = {isa = PBXBuildFile; fileRef = 82394A7828294E2800F44E87 /* AppDelegate.swift */; };
		82394A7B28294E2800F44E87 /* SceneDelegate.swift in Sources */ = {isa = PBXBuildFile; fileRef = 82394A7A28294E2800F44E87 /* SceneDelegate.swift */; };
		82394A7D28294E2800F44E87 /* ViewController.swift in Sources */ = {isa = PBXBuildFile; fileRef = 82394A7C28294E2800F44E87 /* ViewController.swift */; };
		82394A8028294E2800F44E87 /* Main.storyboard in Resources */ = {isa = PBXBuildFile; fileRef = 82394A7E28294E2800F44E87 /* Main.storyboard */; };
		82394A8228294E2B00F44E87 /* Assets.xcassets in Resources */ = {isa = PBXBuildFile; fileRef = 82394A8128294E2B00F44E87 /* Assets.xcassets */; };
		82394A8528294E2B00F44E87 /* LaunchScreen.storyboard in Resources */ = {isa = PBXBuildFile; fileRef = 82394A8328294E2B00F44E87 /* LaunchScreen.storyboard */; };
		82A4691028295D6D0020FE10 /* ZipArchive in Frameworks */ = {isa = PBXBuildFile; productRef = 82A4690F28295D6D0020FE10 /* ZipArchive */; };
		976263C0019BDD2DD1A1C04E /* Pods_ZipFileAndSentEmail.framework in Frameworks */ = {isa = PBXBuildFile; fileRef = 0160801DD2B73A032E34D1BC /* Pods_ZipFileAndSentEmail.framework */; };
/* End PBXBuildFile section */

/* Begin PBXFileReference section */
		0160801DD2B73A032E34D1BC /* Pods_ZipFileAndSentEmail.framework */ = {isa = PBXFileReference; explicitFileType = wrapper.framework; includeInIndex = 0; path = Pods_ZipFileAndSentEmail.framework; sourceTree = BUILT_PRODUCTS_DIR; };
		82394A7528294E2800F44E87 /* ZipFileAndSentEmail.app */ = {isa = PBXFileReference; explicitFileType = wrapper.application; includeInIndex = 0; path = ZipFileAndSentEmail.app; sourceTree = BUILT_PRODUCTS_DIR; };
		82394A7828294E2800F44E87 /* AppDelegate.swift */ = {isa = PBXFileReference; lastKnownFileType = sourcecode.swift; path = AppDelegate.swift; sourceTree = "<group>"; };
		82394A7A28294E2800F44E87 /* SceneDelegate.swift */ = {isa = PBXFileReference; lastKnownFileType = sourcecode.swift; path = SceneDelegate.swift; sourceTree = "<group>"; };
		82394A7C28294E2800F44E87 /* ViewController.swift */ = {isa = PBXFileReference; lastKnownFileType = sourcecode.swift; path = ViewController.swift; sourceTree = "<group>"; };
		82394A7F28294E2800F44E87 /* Base */ = {isa = PBXFileReference; lastKnownFileType = file.storyboard; name = Base; path = Base.lproj/Main.storyboard; sourceTree = "<group>"; };
		82394A8128294E2B00F44E87 /* Assets.xcassets */ = {isa = PBXFileReference; lastKnownFileType = folder.assetcatalog; path = Assets.xcassets; sourceTree = "<group>"; };
		82394A8428294E2B00F44E87 /* Base */ = {isa = PBXFileReference; lastKnownFileType = file.storyboard; name = Base; path = Base.lproj/LaunchScreen.storyboard; sourceTree = "<group>"; };
		82394A8628294E2B00F44E87 /* Info.plist */ = {isa = PBXFileReference; lastKnownFileType = text.plist.xml; path = Info.plist; sourceTree = "<group>"; };
		AD7FC4480F7D9117A897CAB8 /* Pods-ZipFileAndSentEmail.debug.xcconfig */ = {isa = PBXFileReference; includeInIndex = 1; lastKnownFileType = text.xcconfig; name = "Pods-ZipFileAndSentEmail.debug.xcconfig"; path = "Target Support Files/Pods-ZipFileAndSentEmail/Pods-ZipFileAndSentEmail.debug.xcconfig"; sourceTree = "<group>"; };
		ECC5AC79E9F2F88FF86D1C47 /* Pods-ZipFileAndSentEmail.release.xcconfig */ = {isa = PBXFileReference; includeInIndex = 1; lastKnownFileType = text.xcconfig; name = "Pods-ZipFileAndSentEmail.release.xcconfig"; path = "Target Support Files/Pods-ZipFileAndSentEmail/Pods-ZipFileAndSentEmail.release.xcconfig"; sourceTree = "<group>"; };
/* End PBXFileReference section */

/* Begin PBXFrameworksBuildPhase section */
		82394A7228294E2800F44E87 /* Frameworks */ = {
			isa = PBXFrameworksBuildPhase;
			buildActionMask = 2147483647;
			files = (
				976263C0019BDD2DD1A1C04E /* Pods_ZipFileAndSentEmail.framework in Frameworks */,
				82A4691028295D6D0020FE10 /* ZipArchive in Frameworks */,
			);
			runOnlyForDeploymentPostprocessing = 0;
		};
/* End PBXFrameworksBuildPhase section */

/* Begin PBXGroup section */
		56E754A93F5DAC5486C7689B /* Frameworks */ = {
			isa = PBXGroup;
			children = (
				0160801DD2B73A032E34D1BC /* Pods_ZipFileAndSentEmail.framework */,
			);
			name = Frameworks;
			sourceTree = "<group>";
		};
		82394A6C28294E2800F44E87 = {
			isa = PBXGroup;
			children = (
				82394A7728294E2800F44E87 /* ZipFileAndSentEmail */,
				82394A7628294E2800F44E87 /* Products */,
				C57146CF9CFF203F3EB653F1 /* Pods */,
				56E754A93F5DAC5486C7689B /* Frameworks */,
			);
			sourceTree = "<group>";
		};
		82394A7628294E2800F44E87 /* Products */ = {
			isa = PBXGroup;
			children = (
				82394A7528294E2800F44E87 /* ZipFileAndSentEmail.app */,
			);
			name = Products;
			sourceTree = "<group>";
		};
		82394A7728294E2800F44E87 /* ZipFileAndSentEmail */ = {
			isa = PBXGroup;
			children = (
				82394A7828294E2800F44E87 /* AppDelegate.swift */,
				82394A7A28294E2800F44E87 /* SceneDelegate.swift */,
				82394A7C28294E2800F44E87 /* ViewController.swift */,
				82394A7E28294E2800F44E87 /* Main.storyboard */,
				82394A8128294E2B00F44E87 /* Assets.xcassets */,
				82394A8328294E2B00F44E87 /* LaunchScreen.storyboard */,
				82394A8628294E2B00F44E87 /* Info.plist */,
			);
			path = ZipFileAndSentEmail;
			sourceTree = "<group>";
		};
		C57146CF9CFF203F3EB653F1 /* Pods */ = {
			isa = PBXGroup;
			children = (
				AD7FC4480F7D9117A897CAB8 /* Pods-ZipFileAndSentEmail.debug.xcconfig */,
				ECC5AC79E9F2F88FF86D1C47 /* Pods-ZipFileAndSentEmail.release.xcconfig */,
			);
			path = Pods;
			sourceTree = "<group>";
		};
/* End PBXGroup section */

/* Begin PBXNativeTarget section */
		82394A7428294E2800F44E87 /* ZipFileAndSentEmail */ = {
			isa = PBXNativeTarget;
			buildConfigurationList = 82394A8928294E2B00F44E87 /* Build configuration list for PBXNativeTarget "ZipFileAndSentEmail" */;
			buildPhases = (
				418C605AD9D8BFC746B2F260 /* [CP] Check Pods Manifest.lock */,
				82394A7128294E2800F44E87 /* Sources */,
				82394A7228294E2800F44E87 /* Frameworks */,
				82394A7328294E2800F44E87 /* Resources */,
				86D95BA582117DDC2D09F08F /* [CP] Embed Pods Frameworks */,
			);
			buildRules = (
			);
			dependencies = (
			);
			name = ZipFileAndSentEmail;
			packageProductDependencies = (
				82A4690F28295D6D0020FE10 /* ZipArchive */,
			);
			productName = ZipFileAndSentEmail;
			productReference = 82394A7528294E2800F44E87 /* ZipFileAndSentEmail.app */;
			productType = "com.apple.product-type.application";
		};
/* End PBXNativeTarget section */

/* Begin PBXProject section */
		82394A6D28294E2800F44E87 /* Project object */ = {
			isa = PBXProject;
			attributes = {
				BuildIndependentTargetsInParallel = 1;
				LastSwiftUpdateCheck = 1330;
				LastUpgradeCheck = 1330;
				TargetAttributes = {
					82394A7428294E2800F44E87 = {
						CreatedOnToolsVersion = 13.3.1;
					};
				};
			};
			buildConfigurationList = 82394A7028294E2800F44E87 /* Build configuration list for PBXProject "ZipFileAndSentEmail" */;
			compatibilityVersion = "Xcode 13.0";
			developmentRegion = en;
			hasScannedForEncodings = 0;
			knownRegions = (
				en,
				Base,
			);
			mainGroup = 82394A6C28294E2800F44E87;
			packageReferences = (
				82A4690E28295D6D0020FE10 /* XCRemoteSwiftPackageReference "ZipArchive" */,
			);
			productRefGroup = 82394A7628294E2800F44E87 /* Products */;
			projectDirPath = "";
			projectRoot = "";
			targets = (
				82394A7428294E2800F44E87 /* ZipFileAndSentEmail */,
			);
		};
/* End PBXProject section */

/* Begin PBXResourcesBuildPhase section */
		82394A7328294E2800F44E87 /* Resources */ = {
			isa = PBXResourcesBuildPhase;
			buildActionMask = 2147483647;
			files = (
				82394A8528294E2B00F44E87 /* LaunchScreen.storyboard in Resources */,
				82394A8228294E2B00F44E87 /* Assets.xcassets in Resources */,
				82394A8028294E2800F44E87 /* Main.storyboard in Resources */,
			);
			runOnlyForDeploymentPostprocessing = 0;
		};
/* End PBXResourcesBuildPhase section */

/* Begin PBXShellScriptBuildPhase section */
		418C605AD9D8BFC746B2F260 /* [CP] Check Pods Manifest.lock */ = {
			isa = PBXShellScriptBuildPhase;
			buildActionMask = 2147483647;
			files = (
			);
			inputFileListPaths = (
			);
			inputPaths = (
				"${PODS_PODFILE_DIR_PATH}/Podfile.lock",
				"${PODS_ROOT}/Manifest.lock",
			);
			name = "[CP] Check Pods Manifest.lock";
			outputFileListPaths = (
			);
			outputPaths = (
				"$(DERIVED_FILE_DIR)/Pods-ZipFileAndSentEmail-checkManifestLockResult.txt",
			);
			runOnlyForDeploymentPostprocessing = 0;
			shellPath = /bin/sh;
			shellScript = "diff \"${PODS_PODFILE_DIR_PATH}/Podfile.lock\" \"${PODS_ROOT}/Manifest.lock\" > /dev/null\nif [ $? != 0 ] ; then\n    # print error to STDERR\n    echo \"error: The sandbox is not in sync with the Podfile.lock. Run 'pod install' or update your CocoaPods installation.\" >&2\n    exit 1\nfi\n# This output is used by Xcode 'outputs' to avoid re-running this script phase.\necho \"SUCCESS\" > \"${SCRIPT_OUTPUT_FILE_0}\"\n";
			showEnvVarsInLog = 0;
		};
		86D95BA582117DDC2D09F08F /* [CP] Embed Pods Frameworks */ = {
			isa = PBXShellScriptBuildPhase;
			buildActionMask = 2147483647;
			files = (
			);
			inputFileListPaths = (
				"${PODS_ROOT}/Target Support Files/Pods-ZipFileAndSentEmail/Pods-ZipFileAndSentEmail-frameworks-${CONFIGURATION}-input-files.xcfilelist",
			);
			name = "[CP] Embed Pods Frameworks";
			outputFileListPaths = (
				"${PODS_ROOT}/Target Support Files/Pods-ZipFileAndSentEmail/Pods-ZipFileAndSentEmail-frameworks-${CONFIGURATION}-output-files.xcfilelist",
			);
			runOnlyForDeploymentPostprocessing = 0;
			shellPath = /bin/sh;
			shellScript = "\"${PODS_ROOT}/Target Support Files/Pods-ZipFileAndSentEmail/Pods-ZipFileAndSentEmail-frameworks.sh\"\n";
			showEnvVarsInLog = 0;
		};
/* End PBXShellScriptBuildPhase section */

/* Begin PBXSourcesBuildPhase section */
		82394A7128294E2800F44E87 /* Sources */ = {
			isa = PBXSourcesBuildPhase;
			buildActionMask = 2147483647;
			files = (
				82394A7D28294E2800F44E87 /* ViewController.swift in Sources */,
				82394A7928294E2800F44E87 /* AppDelegate.swift in Sources */,
				82394A7B28294E2800F44E87 /* SceneDelegate.swift in Sources */,
			);
			runOnlyForDeploymentPostprocessing = 0;
		};
/* End PBXSourcesBuildPhase section */

/* Begin PBXVariantGroup section */
		82394A7E28294E2800F44E87 /* Main.storyboard */ = {
			isa = PBXVariantGroup;
			children = (
				82394A7F28294E2800F44E87 /* Base */,
			);
			name = Main.storyboard;
			sourceTree = "<group>";
		};
		82394A8328294E2B00F44E87 /* LaunchScreen.storyboard */ = {
			isa = PBXVariantGroup;
			children = (
				82394A8428294E2B00F44E87 /* Base */,
			);
			name = LaunchScreen.storyboard;
			sourceTree = "<group>";
		};
/* End PBXVariantGroup section */

/* Begin XCBuildConfiguration section */
		82394A8728294E2B00F44E87 /* Debug */ = {
			isa = XCBuildConfiguration;
			buildSettings = {
				ALWAYS_SEARCH_USER_PATHS = NO;
				CLANG_ANALYZER_NONNULL = YES;
				CLANG_ANALYZER_NUMBER_OBJECT_CONVERSION = YES_AGGRESSIVE;
				CLANG_CXX_LANGUAGE_STANDARD = "gnu++17";
				CLANG_ENABLE_MODULES = YES;
				CLANG_ENABLE_OBJC_ARC = YES;
				CLANG_ENABLE_OBJC_WEAK = YES;
				CLANG_WARN_BLOCK_CAPTURE_AUTORELEASING = YES;
				CLANG_WARN_BOOL_CONVERSION = YES;
				CLANG_WARN_COMMA = YES;
				CLANG_WARN_CONSTANT_CONVERSION = YES;
				CLANG_WARN_DEPRECATED_OBJC_IMPLEMENTATIONS = YES;
				CLANG_WARN_DIRECT_OBJC_ISA_USAGE = YES_ERROR;
				CLANG_WARN_DOCUMENTATION_COMMENTS = YES;
				CLANG_WARN_EMPTY_BODY = YES;
				CLANG_WARN_ENUM_CONVERSION = YES;
				CLANG_WARN_INFINITE_RECURSION = YES;
				CLANG_WARN_INT_CONVERSION = YES;
				CLANG_WARN_NON_LITERAL_NULL_CONVERSION = YES;
				CLANG_WARN_OBJC_IMPLICIT_RETAIN_SELF = YES;
				CLANG_WARN_OBJC_LITERAL_CONVERSION = YES;
				CLANG_WARN_OBJC_ROOT_CLASS = YES_ERROR;
				CLANG_WARN_QUOTED_INCLUDE_IN_FRAMEWORK_HEADER = YES;
				CLANG_WARN_RANGE_LOOP_ANALYSIS = YES;
				CLANG_WARN_STRICT_PROTOTYPES = YES;
				CLANG_WARN_SUSPICIOUS_MOVE = YES;
				CLANG_WARN_UNGUARDED_AVAILABILITY = YES_AGGRESSIVE;
				CLANG_WARN_UNREACHABLE_CODE = YES;
				CLANG_WARN__DUPLICATE_METHOD_MATCH = YES;
				COPY_PHASE_STRIP = NO;
				DEBUG_INFORMATION_FORMAT = dwarf;
				ENABLE_STRICT_OBJC_MSGSEND = YES;
				ENABLE_TESTABILITY = YES;
				GCC_C_LANGUAGE_STANDARD = gnu11;
				GCC_DYNAMIC_NO_PIC = NO;
				GCC_NO_COMMON_BLOCKS = YES;
				GCC_OPTIMIZATION_LEVEL = 0;
				GCC_PREPROCESSOR_DEFINITIONS = (
					"DEBUG=1",
					"$(inherited)",
				);
				GCC_WARN_64_TO_32_BIT_CONVERSION = YES;
				GCC_WARN_ABOUT_RETURN_TYPE = YES_ERROR;
				GCC_WARN_UNDECLARED_SELECTOR = YES;
				GCC_WARN_UNINITIALIZED_AUTOS = YES_AGGRESSIVE;
				GCC_WARN_UNUSED_FUNCTION = YES;
				GCC_WARN_UNUSED_VARIABLE = YES;
				IPHONEOS_DEPLOYMENT_TARGET = 15.4;
				MTL_ENABLE_DEBUG_INFO = INCLUDE_SOURCE;
				MTL_FAST_MATH = YES;
				ONLY_ACTIVE_ARCH = YES;
				SDKROOT = iphoneos;
				SWIFT_ACTIVE_COMPILATION_CONDITIONS = DEBUG;
				SWIFT_OPTIMIZATION_LEVEL = "-Onone";
			};
			name = Debug;
		};
		82394A8828294E2B00F44E87 /* Release */ = {
			isa = XCBuildConfiguration;
			buildSettings = {
				ALWAYS_SEARCH_USER_PATHS = NO;
				CLANG_ANALYZER_NONNULL = YES;
				CLANG_ANALYZER_NUMBER_OBJECT_CONVERSION = YES_AGGRESSIVE;
				CLANG_CXX_LANGUAGE_STANDARD = "gnu++17";
				CLANG_ENABLE_MODULES = YES;
				CLANG_ENABLE_OBJC_ARC = YES;
				CLANG_ENABLE_OBJC_WEAK = YES;
				CLANG_WARN_BLOCK_CAPTURE_AUTORELEASING = YES;
				CLANG_WARN_BOOL_CONVERSION = YES;
				CLANG_WARN_COMMA = YES;
				CLANG_WARN_CONSTANT_CONVERSION = YES;
				CLANG_WARN_DEPRECATED_OBJC_IMPLEMENTATIONS = YES;
				CLANG_WARN_DIRECT_OBJC_ISA_USAGE = YES_ERROR;
				CLANG_WARN_DOCUMENTATION_COMMENTS = YES;
				CLANG_WARN_EMPTY_BODY = YES;
				CLANG_WARN_ENUM_CONVERSION = YES;
				CLANG_WARN_INFINITE_RECURSION = YES;
				CLANG_WARN_INT_CONVERSION = YES;
				CLANG_WARN_NON_LITERAL_NULL_CONVERSION = YES;
				CLANG_WARN_OBJC_IMPLICIT_RETAIN_SELF = YES;
				CLANG_WARN_OBJC_LITERAL_CONVERSION = YES;
				CLANG_WARN_OBJC_ROOT_CLASS = YES_ERROR;
				CLANG_WARN_QUOTED_INCLUDE_IN_FRAMEWORK_HEADER = YES;
				CLANG_WARN_RANGE_LOOP_ANALYSIS = YES;
				CLANG_WARN_STRICT_PROTOTYPES = YES;
				CLANG_WARN_SUSPICIOUS_MOVE = YES;
				CLANG_WARN_UNGUARDED_AVAILABILITY = YES_AGGRESSIVE;
				CLANG_WARN_UNREACHABLE_CODE = YES;
				CLANG_WARN__DUPLICATE_METHOD_MATCH = YES;
				COPY_PHASE_STRIP = NO;
				DEBUG_INFORMATION_FORMAT = "dwarf-with-dsym";
				ENABLE_NS_ASSERTIONS = NO;
				ENABLE_STRICT_OBJC_MSGSEND = YES;
				GCC_C_LANGUAGE_STANDARD = gnu11;
				GCC_NO_COMMON_BLOCKS = YES;
				GCC_WARN_64_TO_32_BIT_CONVERSION = YES;
				GCC_WARN_ABOUT_RETURN_TYPE = YES_ERROR;
				GCC_WARN_UNDECLARED_SELECTOR = YES;
				GCC_WARN_UNINITIALIZED_AUTOS = YES_AGGRESSIVE;
				GCC_WARN_UNUSED_FUNCTION = YES;
				GCC_WARN_UNUSED_VARIABLE = YES;
				IPHONEOS_DEPLOYMENT_TARGET = 15.4;
				MTL_ENABLE_DEBUG_INFO = NO;
				MTL_FAST_MATH = YES;
				SDKROOT = iphoneos;
				SWIFT_COMPILATION_MODE = wholemodule;
				SWIFT_OPTIMIZATION_LEVEL = "-O";
				VALIDATE_PRODUCT = YES;
			};
			name = Release;
		};
		82394A8A28294E2B00F44E87 /* Debug */ = {
			isa = XCBuildConfiguration;
			baseConfigurationReference = AD7FC4480F7D9117A897CAB8 /* Pods-ZipFileAndSentEmail.debug.xcconfig */;
			buildSettings = {
				ASSETCATALOG_COMPILER_APPICON_NAME = AppIcon;
				ASSETCATALOG_COMPILER_GLOBAL_ACCENT_COLOR_NAME = AccentColor;
				CODE_SIGN_STYLE = Automatic;
				CURRENT_PROJECT_VERSION = 1;
				GENERATE_INFOPLIST_FILE = YES;
				INFOPLIST_FILE = ZipFileAndSentEmail/Info.plist;
				INFOPLIST_KEY_CFBundleDisplayName = Zipper;
				INFOPLIST_KEY_UIApplicationSupportsIndirectInputEvents = YES;
				INFOPLIST_KEY_UILaunchStoryboardName = LaunchScreen;
				INFOPLIST_KEY_UIMainStoryboardFile = Main;
				INFOPLIST_KEY_UISupportedInterfaceOrientations_iPad = "UIInterfaceOrientationPortrait UIInterfaceOrientationPortraitUpsideDown UIInterfaceOrientationLandscapeLeft UIInterfaceOrientationLandscapeRight";
				INFOPLIST_KEY_UISupportedInterfaceOrientations_iPhone = "UIInterfaceOrientationPortrait UIInterfaceOrientationLandscapeLeft UIInterfaceOrientationLandscapeRight";
				LD_RUNPATH_SEARCH_PATHS = (
					"$(inherited)",
					"@executable_path/Frameworks",
				);
				MARKETING_VERSION = 1.0;
				PRODUCT_BUNDLE_IDENTIFIER = com.somnath.ZipFileAndSentEmail;
				PRODUCT_NAME = "$(TARGET_NAME)";
				SWIFT_EMIT_LOC_STRINGS = YES;
				SWIFT_VERSION = 5.0;
				TARGETED_DEVICE_FAMILY = "1,2";
			};
			name = Debug;
		};
		82394A8B28294E2B00F44E87 /* Release */ = {
			isa = XCBuildConfiguration;
			baseConfigurationReference = ECC5AC79E9F2F88FF86D1C47 /* Pods-ZipFileAndSentEmail.release.xcconfig */;
			buildSettings = {
				ASSETCATALOG_COMPILER_APPICON_NAME = AppIcon;
				ASSETCATALOG_COMPILER_GLOBAL_ACCENT_COLOR_NAME = AccentColor;
				CODE_SIGN_STYLE = Automatic;
				CURRENT_PROJECT_VERSION = 1;
				GENERATE_INFOPLIST_FILE = YES;
				INFOPLIST_FILE = ZipFileAndSentEmail/Info.plist;
				INFOPLIST_KEY_CFBundleDisplayName = Zipper;
				INFOPLIST_KEY_UIApplicationSupportsIndirectInputEvents = YES;
				INFOPLIST_KEY_UILaunchStoryboardName = LaunchScreen;
				INFOPLIST_KEY_UIMainStoryboardFile = Main;
				INFOPLIST_KEY_UISupportedInterfaceOrientations_iPad = "UIInterfaceOrientationPortrait UIInterfaceOrientationPortraitUpsideDown UIInterfaceOrientationLandscapeLeft UIInterfaceOrientationLandscapeRight";
				INFOPLIST_KEY_UISupportedInterfaceOrientations_iPhone = "UIInterfaceOrientationPortrait UIInterfaceOrientationLandscapeLeft UIInterfaceOrientationLandscapeRight";
				LD_RUNPATH_SEARCH_PATHS = (
					"$(inherited)",
					"@executable_path/Frameworks",
				);
				MARKETING_VERSION = 1.0;
				PRODUCT_BUNDLE_IDENTIFIER = com.somnath.ZipFileAndSentEmail;
				PRODUCT_NAME = "$(TARGET_NAME)";
				SWIFT_EMIT_LOC_STRINGS = YES;
				SWIFT_VERSION = 5.0;
				TARGETED_DEVICE_FAMILY = "1,2";
			};
			name = Release;
		};
/* End XCBuildConfiguration section */

/* Begin XCConfigurationList section */
		82394A7028294E2800F44E87 /* Build configuration list for PBXProject "ZipFileAndSentEmail" */ = {
			isa = XCConfigurationList;
			buildConfigurations = (
				82394A8728294E2B00F44E87 /* Debug */,
				82394A8828294E2B00F44E87 /* Release */,
			);
			defaultConfigurationIsVisible = 0;
			defaultConfigurationName = Release;
		};
		82394A8928294E2B00F44E87 /* Build configuration list for PBXNativeTarget "ZipFileAndSentEmail" */ = {
			isa = XCConfigurationList;
			buildConfigurations = (
				82394A8A28294E2B00F44E87 /* Debug */,
				82394A8B28294E2B00F44E87 /* Release */,
			);
			defaultConfigurationIsVisible = 0;
			defaultConfigurationName = Release;
		};
/* End XCConfigurationList section */

/* Begin XCRemoteSwiftPackageReference section */
		82A4690E28295D6D0020FE10 /* XCRemoteSwiftPackageReference "ZipArchive" */ = {
			isa = XCRemoteSwiftPackageReference;
			repositoryURL = "https://github.com/ZipArchive/ZipArchive.git";
			requirement = {
				branch = master;
				kind = branch;
			};
		};
/* End XCRemoteSwiftPackageReference section */

/* Begin XCSwiftPackageProductDependency section */
		82A4690F28295D6D0020FE10 /* ZipArchive */ = {
			isa = XCSwiftPackageProductDependency;
			package = 82A4690E28295D6D0020FE10 /* XCRemoteSwiftPackageReference "ZipArchive" */;
			productName = ZipArchive;
		};
/* End XCSwiftPackageProductDependency section */
	};
	rootObject = 82394A6D28294E2800F44E87 /* Project object */;
}
